
Microsoft Visual Studio Solution File, Format Version 12.00
# Visual Studio 14
VisualStudioVersion = 14.0.23107.0
MinimumVisualStudioVersion = 10.0.40219.1
Project("{FAE04EC0-301F-11D3-BF4B-00C04F79EFBC}") = "AbakonDataModel", "AbakonDataModel\AbakonDataModel.csproj", "{4AF4F267-48FF-4FED-BB72-E3C82CCE6E25}"
EndProject
Project("{FAE04EC0-301F-11D3-BF4B-00C04F79EFBC}") = "Abakon15WPF", "Abakon15WPF\Abakon15WPF.csproj", "{93AF8E00-37D3-40AC-BB94-65E53F998543}"
EndProject
Global
	GlobalSection(SolutionConfigurationPlatforms) = preSolution
		Debug|Any CPU = Debug|Any CPU
		Debug|Mixed Platforms = Debug|Mixed Platforms
		Debug|x86 = Debug|x86
		Release|Any CPU = Release|Any CPU
		Release|Mixed Platforms = Release|Mixed Platforms
		Release|x86 = Release|x86
	EndGlobalSection
	GlobalSection(ProjectConfigurationPlatforms) = postSolution
		{4AF4F267-48FF-4FED-BB72-E3C82CCE6E25}.Debug|Any CPU.ActiveCfg = Debug|Any CPU
		{4AF4F267-48FF-4FED-BB72-E3C82CCE6E25}.Debug|Any CPU.Build.0 = Debug|Any CPU
		{4AF4F267-48FF-4FED-BB72-E3C82CCE6E25}.Debug|Mixed Platforms.ActiveCfg = Debug|Any CPU
		{4AF4F267-48FF-4FED-BB72-E3C82CCE6E25}.Debug|Mixed Platforms.Build.0 = Debug|Any CPU
		{4AF4F267-48FF-4FED-BB72-E3C82CCE6E25}.Debug|x86.ActiveCfg = Debug|Any CPU
		{4AF4F267-48FF-4FED-BB72-E3C82CCE6E25}.Release|Any CPU.ActiveCfg = Release|Any CPU
		{4AF4F267-48FF-4FED-BB72-E3C82CCE6E25}.Release|Any CPU.Build.0 = Release|Any CPU
		{4AF4F267-48FF-4FED-BB72-E3C82CCE6E25}.Release|Mixed Platforms.ActiveCfg = Release|Any CPU
		{4AF4F267-48FF-4FED-BB72-E3C82CCE6E25}.Release|Mixed Platforms.Build.0 = Release|Any CPU
		{4AF4F267-48FF-4FED-BB72-E3C82CCE6E25}.Release|x86.ActiveCfg = Release|Any CPU
		{93AF8E00-37D3-40AC-BB94-65E53F998543}.Debug|Any CPU.ActiveCfg = Debug|x86
		{93AF8E00-37D3-40AC-BB94-65E53F998543}.Debug|Mixed Platforms.ActiveCfg = Debug|x86
		{93AF8E00-37D3-40AC-BB94-65E53F998543}.Debug|Mixed Platforms.Build.0 = Debug|x86
		{93AF8E00-37D3-40AC-BB94-65E53F998543}.Debug|x86.ActiveCfg = Debug|x86
		{93AF8E00-37D3-40AC-BB94-65E53F998543}.Debug|x86.Build.0 = Debug|x86
		{93AF8E00-37D3-40AC-BB94-65E53F998543}.Release|Any CPU.ActiveCfg = Release|x86
		{93AF8E00-37D3-40AC-BB94-65E53F998543}.Release|Mixed Platforms.ActiveCfg = Release|x86
		{93AF8E00-37D3-40AC-BB94-65E53F998543}.Release|Mixed Platforms.Build.0 = Release|x86
		{93AF8E00-37D3-40AC-BB94-65E53F998543}.Release|x86.ActiveCfg = Release|x86
		{93AF8E00-37D3-40AC-BB94-65E53F998543}.Release|x86.Build.0 = Release|x86
	EndGlobalSection
	GlobalSection(SolutionProperties) = preSolution
		HideSolutionNode = FALSE
	EndGlobalSection
	GlobalSection(ExtensibilityGlobals) = postSolution
		RESX_NeutralResourcesLanguage = pl-PL
	EndGlobalSection
EndGlobal
